// !$*UTF8*$!
{
	archiveVersion = 1;
	classes = {
	};
	objectVersion = 46;
	objects = {

/* Begin PBXBuildFile section */
		53078E8B1E4C851F00A90FE5 /* AppDelegate.swift in Sources */ = {isa = PBXBuildFile; fileRef = 53078E8A1E4C851F00A90FE5 /* AppDelegate.swift */; };
		53078E8D1E4C851F00A90FE5 /* ViewController.swift in Sources */ = {isa = PBXBuildFile; fileRef = 53078E8C1E4C851F00A90FE5 /* ViewController.swift */; };
		53078E901E4C851F00A90FE5 /* Main.storyboard in Resources */ = {isa = PBXBuildFile; fileRef = 53078E8E1E4C851F00A90FE5 /* Main.storyboard */; };
		53078E931E4C851F00A90FE5 /* lister_3.xcdatamodeld in Sources */ = {isa = PBXBuildFile; fileRef = 53078E911E4C851F00A90FE5 /* lister_3.xcdatamodeld */; };
		53078E951E4C851F00A90FE5 /* Assets.xcassets in Resources */ = {isa = PBXBuildFile; fileRef = 53078E941E4C851F00A90FE5 /* Assets.xcassets */; };
		53078E981E4C851F00A90FE5 /* LaunchScreen.storyboard in Resources */ = {isa = PBXBuildFile; fileRef = 53078E961E4C851F00A90FE5 /* LaunchScreen.storyboard */; };
		53078EA01E4C860A00A90FE5 /* Task.swift in Sources */ = {isa = PBXBuildFile; fileRef = 53078E9F1E4C860A00A90FE5 /* Task.swift */; };
		532F21591E4CC4F1002F6A7D /* AddViewController.swift in Sources */ = {isa = PBXBuildFile; fileRef = 532F21581E4CC4F1002F6A7D /* AddViewController.swift */; };
		532F215B1E4CD0D1002F6A7D /* taskindiViewController.swift in Sources */ = {isa = PBXBuildFile; fileRef = 532F215A1E4CD0D1002F6A7D /* taskindiViewController.swift */; };
/* End PBXBuildFile section */

/* Begin PBXFileReference section */
		53078E871E4C851F00A90FE5 /* lister 3.app */ = {isa = PBXFileReference; explicitFileType = wrapper.application; includeInIndex = 0; path = "lister 3.app"; sourceTree = BUILT_PRODUCTS_DIR; };
		53078E8A1E4C851F00A90FE5 /* AppDelegate.swift */ = {isa = PBXFileReference; lastKnownFileType = sourcecode.swift; path = AppDelegate.swift; sourceTree = "<group>"; };
		53078E8C1E4C851F00A90FE5 /* ViewController.swift */ = {isa = PBXFileReference; lastKnownFileType = sourcecode.swift; path = ViewController.swift; sourceTree = "<group>"; };
		53078E8F1E4C851F00A90FE5 /* Base */ = {isa = PBXFileReference; lastKnownFileType = file.storyboard; name = Base; path = Base.lproj/Main.storyboard; sourceTree = "<group>"; };
		53078E921E4C851F00A90FE5 /* lister_3.xcdatamodel */ = {isa = PBXFileReference; lastKnownFileType = wrapper.xcdatamodel; path = lister_3.xcdatamodel; sourceTree = "<group>"; };
		53078E941E4C851F00A90FE5 /* Assets.xcassets */ = {isa = PBXFileReference; lastKnownFileType = folder.assetcatalog; path = Assets.xcassets; sourceTree = "<group>"; };
		53078E971E4C851F00A90FE5 /* Base */ = {isa = PBXFileReference; lastKnownFileType = file.storyboard; name = Base; path = Base.lproj/LaunchScreen.storyboard; sourceTree = "<group>"; };
		53078E991E4C851F00A90FE5 /* Info.plist */ = {isa = PBXFileReference; lastKnownFileType = text.plist.xml; path = Info.plist; sourceTree = "<group>"; };
		53078E9F1E4C860A00A90FE5 /* Task.swift */ = {isa = PBXFileReference; fileEncoding = 4; lastKnownFileType = sourcecode.swift; path = Task.swift; sourceTree = "<group>"; };
		532F21581E4CC4F1002F6A7D /* AddViewController.swift */ = {isa = PBXFileReference; fileEncoding = 4; lastKnownFileType = sourcecode.swift; path = AddViewController.swift; sourceTree = "<group>"; };
		532F215A1E4CD0D1002F6A7D /* taskindiViewController.swift */ = {isa = PBXFileReference; fileEncoding = 4; lastKnownFileType = sourcecode.swift; path = taskindiViewController.swift; sourceTree = "<group>"; };
/* End PBXFileReference section */

/* Begin PBXFrameworksBuildPhase section */
		53078E841E4C851F00A90FE5 /* Frameworks */ = {
			isa = PBXFrameworksBuildPhase;
			buildActionMask = 2147483647;
			files = (
			);
			runOnlyForDeploymentPostprocessing = 0;
		};
/* End PBXFrameworksBuildPhase section */

/* Begin PBXGroup section */
		53078E7E1E4C851F00A90FE5 = {
			isa = PBXGroup;
			children = (
				53078E891E4C851F00A90FE5 /* lister 3 */,
				53078E881E4C851F00A90FE5 /* Products */,
			);
			sourceTree = "<group>";
		};
		53078E881E4C851F00A90FE5 /* Products */ = {
			isa = PBXGroup;
			children = (
				53078E871E4C851F00A90FE5 /* lister 3.app */,
			);
			name = Products;
			sourceTree = "<group>";
		};
		53078E891E4C851F00A90FE5 /* lister 3 */ = {
			isa = PBXGroup;
			children = (
				53078E8A1E4C851F00A90FE5 /* AppDelegate.swift */,
				53078E8C1E4C851F00A90FE5 /* ViewController.swift */,
				532F215A1E4CD0D1002F6A7D /* taskindiViewController.swift */,
				53078E8E1E4C851F00A90FE5 /* Main.storyboard */,
				532F21581E4CC4F1002F6A7D /* AddViewController.swift */,
				53078E9F1E4C860A00A90FE5 /* Task.swift */,
				53078E941E4C851F00A90FE5 /* Assets.xcassets */,
				53078E961E4C851F00A90FE5 /* LaunchScreen.storyboard */,
				53078E991E4C851F00A90FE5 /* Info.plist */,
				53078E911E4C851F00A90FE5 /* lister_3.xcdatamodeld */,
			);
			path = "lister 3";
			sourceTree = "<group>";
		};
/* End PBXGroup section */

/* Begin PBXNativeTarget section */
		53078E861E4C851F00A90FE5 /* lister 3 */ = {
			isa = PBXNativeTarget;
			buildConfigurationList = 53078E9C1E4C851F00A90FE5 /* Build configuration list for PBXNativeTarget "lister 3" */;
			buildPhases = (
				53078E831E4C851F00A90FE5 /* Sources */,
				53078E841E4C851F00A90FE5 /* Frameworks */,
				53078E851E4C851F00A90FE5 /* Resources */,
			);
			buildRules = (
			);
			dependencies = (
			);
			name = "lister 3";
			productName = "lister 3";
			productReference = 53078E871E4C851F00A90FE5 /* lister 3.app */;
			productType = "com.apple.product-type.application";
		};
/* End PBXNativeTarget section */

/* Begin PBXProject section */
		53078E7F1E4C851F00A90FE5 /* Project object */ = {
			isa = PBXProject;
			attributes = {
				LastSwiftUpdateCheck = 0820;
				LastUpgradeCheck = 0820;
				ORGANIZATIONNAME = dhruvinity;
				TargetAttributes = {
					53078E861E4C851F00A90FE5 = {
						CreatedOnToolsVersion = 8.2.1;
						ProvisioningStyle = Automatic;
					};
				};
			};
			buildConfigurationList = 53078E821E4C851F00A90FE5 /* Build configuration list for PBXProject "lister 3" */;
			compatibilityVersion = "Xcode 3.2";
			developmentRegion = English;
			hasScannedForEncodings = 0;
			knownRegions = (
				en,
				Base,
			);
			mainGroup = 53078E7E1E4C851F00A90FE5;
			productRefGroup = 53078E881E4C851F00A90FE5 /* Products */;
			projectDirPath = "";
			projectRoot = "";
			targets = (
				53078E861E4C851F00A90FE5 /* lister 3 */,
			);
		};
/* End PBXProject section */

/* Begin PBXResourcesBuildPhase section */
		53078E851E4C851F00A90FE5 /* Resources */ = {
			isa = PBXResourcesBuildPhase;
			buildActionMask = 2147483647;
			files = (
				53078E981E4C851F00A90FE5 /* LaunchScreen.storyboard in Resources */,
				53078E951E4C851F00A90FE5 /* Assets.xcassets in Resources */,
				53078E901E4C851F00A90FE5 /* Main.storyboard in Resources */,
			);
			runOnlyForDeploymentPostprocessing = 0;
		};
/* End PBXResourcesBuildPhase section */

/* Begin PBXSourcesBuildPhase section */
		53078E831E4C851F00A90FE5 /* Sources */ = {
			isa = PBXSourcesBuildPhase;
			buildActionMask = 2147483647;
			files = (
				532F21591E4CC4F1002F6A7D /* AddViewController.swift in Sources */,
				53078EA01E4C860A00A90FE5 /* Task.swift in Sources */,
				53078E8D1E4C851F00A90FE5 /* ViewController.swift in Sources */,
				53078E8B1E4C851F00A90FE5 /* AppDelegate.swift in Sources */,
				53078E931E4C851F00A90FE5 /* lister_3.xcdatamodeld in Sources */,
				532F215B1E4CD0D1002F6A7D /* taskindiViewController.swift in Sources */,
			);
			runOnlyForDeploymentPostprocessing = 0;
		};
/* End PBXSourcesBuildPhase section */

/* Begin PBXVariantGroup section */
		53078E8E1E4C851F00A90FE5 /* Main.storyboard */ = {
			isa = PBXVariantGroup;
			children = (
				53078E8F1E4C851F00A90FE5 /* Base */,
			);
			name = Main.storyboard;
			sourceTree = "<group>";
		};
		53078E961E4C851F00A90FE5 /* LaunchScreen.storyboard */ = {
			isa = PBXVariantGroup;
			children = (
				53078E971E4C851F00A90FE5 /* Base */,
			);
			name = LaunchScreen.storyboard;
			sourceTree = "<group>";
		};
/* End PBXVariantGroup section */

/* Begin XCBuildConfiguration section */
		53078E9A1E4C851F00A90FE5 /* Debug */ = {
			isa = XCBuildConfiguration;
			buildSettings = {
				ALWAYS_SEARCH_USER_PATHS = NO;
				CLANG_ANALYZER_NONNULL = YES;
				CLANG_CXX_LANGUAGE_STANDARD = "gnu++0x";
				CLANG_CXX_LIBRARY = "libc++";
				CLANG_ENABLE_MODULES = YES;
				CLANG_ENABLE_OBJC_ARC = YES;
				CLANG_WARN_BOOL_CONVERSION = YES;
				CLANG_WARN_CONSTANT_CONVERSION = YES;
				CLANG_WARN_DIRECT_OBJC_ISA_USAGE = YES_ERROR;
				CLANG_WARN_DOCUMENTATION_COMMENTS = YES;
				CLANG_WARN_EMPTY_BODY = YES;
				CLANG_WARN_ENUM_CONVERSION = YES;
				CLANG_WARN_INFINITE_RECURSION = YES;
				CLANG_WARN_INT_CONVERSION = YES;
				CLANG_WARN_OBJC_ROOT_CLASS = YES_ERROR;
				CLANG_WARN_SUSPICIOUS_MOVE = YES;
				CLANG_WARN_UNREACHABLE_CODE = YES;
				CLANG_WARN__DUPLICATE_METHOD_MATCH = YES;
				"CODE_SIGN_IDENTITY[sdk=iphoneos*]" = "iPhone Developer";
				COPY_PHASE_STRIP = NO;
				DEBUG_INFORMATION_FORMAT = dwarf;
				ENABLE_STRICT_OBJC_MSGSEND = YES;
				ENABLE_TESTABILITY = YES;
				GCC_C_LANGUAGE_STANDARD = gnu99;
				GCC_DYNAMIC_NO_PIC = NO;
				GCC_NO_COMMON_BLOCKS = YES;
				GCC_OPTIMIZATION_LEVEL = 0;
				GCC_PREPROCESSOR_DEFINITIONS = (
					"DEBUG=1",
					"$(inherited)",
				);
				GCC_WARN_64_TO_32_BIT_CONVERSION = YES;
				GCC_WARN_ABOUT_RETURN_TYPE = YES_ERROR;
				GCC_WARN_UNDECLARED_SELECTOR = YES;
				GCC_WARN_UNINITIALIZED_AUTOS = YES_AGGRESSIVE;
				GCC_WARN_UNUSED_FUNCTION = YES;
				GCC_WARN_UNUSED_VARIABLE = YES;
				IPHONEOS_DEPLOYMENT_TARGET = 10.2;
				MTL_ENABLE_DEBUG_INFO = YES;
				ONLY_ACTIVE_ARCH = YES;
				SDKROOT = iphoneos;
				SWIFT_ACTIVE_COMPILATION_CONDITIONS = DEBUG;
				SWIFT_OPTIMIZATION_LEVEL = "-Onone";
				TARGETED_DEVICE_FAMILY = "1,2";
			};
			name = Debug;
		};
		53078E9B1E4C851F00A90FE5 /* Release */ = {
			isa = XCBuildConfiguration;
			buildSettings = {
				ALWAYS_SEARCH_USER_PATHS = NO;
				CLANG_ANALYZER_NONNULL = YES;
				CLANG_CXX_LANGUAGE_STANDARD = "gnu++0x";
				CLANG_CXX_LIBRARY = "libc++";
				CLANG_ENABLE_MODULES = YES;
				CLANG_ENABLE_OBJC_ARC = YES;
				CLANG_WARN_BOOL_CONVERSION = YES;
				CLANG_WARN_CONSTANT_CONVERSION = YES;
				CLANG_WARN_DIRECT_OBJC_ISA_USAGE = YES_ERROR;
				CLANG_WARN_DOCUMENTATION_COMMENTS = YES;
				CLANG_WARN_EMPTY_BODY = YES;
				CLANG_WARN_ENUM_CONVERSION = YES;
				CLANG_WARN_INFINITE_RECURSION = YES;
				CLANG_WARN_INT_CONVERSION = YES;
				CLANG_WARN_OBJC_ROOT_CLASS = YES_ERROR;
				CLANG_WARN_SUSPICIOUS_MOVE = YES;
				CLANG_WARN_UNREACHABLE_CODE = YES;
				CLANG_WARN__DUPLICATE_METHOD_MATCH = YES;
				"CODE_SIGN_IDENTITY[sdk=iphoneos*]" = "iPhone Developer";
				COPY_PHASE_STRIP = NO;
				DEBUG_INFORMATION_FORMAT = "dwarf-with-dsym";
				ENABLE_NS_ASSERTIONS = NO;
				ENABLE_STRICT_OBJC_MSGSEND = YES;
				GCC_C_LANGUAGE_STANDARD = gnu99;
				GCC_NO_COMMON_BLOCKS = YES;
				GCC_WARN_64_TO_32_BIT_CONVERSION = YES;
				GCC_WARN_ABOUT_RETURN_TYPE = YES_ERROR;
				GCC_WARN_UNDECLARED_SELECTOR = YES;
				GCC_WARN_UNINITIALIZED_AUTOS = YES_AGGRESSIVE;
				GCC_WARN_UNUSED_FUNCTION = YES;
				GCC_WARN_UNUSED_VARIABLE = YES;
				IPHONEOS_DEPLOYMENT_TARGET = 10.2;
				MTL_ENABLE_DEBUG_INFO = NO;
				SDKROOT = iphoneos;
				SWIFT_OPTIMIZATION_LEVEL = "-Owholemodule";
				TARGETED_DEVICE_FAMILY = "1,2";
				VALIDATE_PRODUCT = YES;
			};
			name = Release;
		};
		53078E9D1E4C851F00A90FE5 /* Debug */ = {
			isa = XCBuildConfiguration;
			buildSettings = {
				ASSETCATALOG_COMPILER_APPICON_NAME = AppIcon;
				INFOPLIST_FILE = "lister 3/Info.plist";
				LD_RUNPATH_SEARCH_PATHS = "$(inherited) @executable_path/Frameworks";
				PRODUCT_BUNDLE_IDENTIFIER = "com.dhruvinity.lister-3";
				PRODUCT_NAME = "$(TARGET_NAME)";
				SWIFT_VERSION = 3.0;
			};
			name = Debug;
		};
		53078E9E1E4C851F00A90FE5 /* Release */ = {
			isa = XCBuildConfiguration;
			buildSettings = {
				ASSETCATALOG_COMPILER_APPICON_NAME = AppIcon;
				INFOPLIST_FILE = "lister 3/Info.plist";
				LD_RUNPATH_SEARCH_PATHS = "$(inherited) @executable_path/Frameworks";
				PRODUCT_BUNDLE_IDENTIFIER = "com.dhruvinity.lister-3";
				PRODUCT_NAME = "$(TARGET_NAME)";
				SWIFT_VERSION = 3.0;
			};
			name = Release;
		};
/* End XCBuildConfiguration section */

/* Begin XCConfigurationList section */
		53078E821E4C851F00A90FE5 /* Build configuration list for PBXProject "lister 3" */ = {
			isa = XCConfigurationList;
			buildConfigurations = (
				53078E9A1E4C851F00A90FE5 /* Debug */,
				53078E9B1E4C851F00A90FE5 /* Release */,
			);
			defaultConfigurationIsVisible = 0;
			defaultConfigurationName = Release;
		};
		53078E9C1E4C851F00A90FE5 /* Build configuration list for PBXNativeTarget "lister 3" */ = {
			isa = XCConfigurationList;
			buildConfigurations = (
				53078E9D1E4C851F00A90FE5 /* Debug */,
				53078E9E1E4C851F00A90FE5 /* Release */,
			);
			defaultConfigurationIsVisible = 0;
			defaultConfigurationName = Release;
		};
/* End XCConfigurationList section */

/* Begin XCVersionGroup section */
		53078E911E4C851F00A90FE5 /* lister_3.xcdatamodeld */ = {
			isa = XCVersionGroup;
			children = (
				53078E921E4C851F00A90FE5 /* lister_3.xcdatamodel */,
			);
			currentVersion = 53078E921E4C851F00A90FE5 /* lister_3.xcdatamodel */;
			path = lister_3.xcdatamodeld;
			sourceTree = "<group>";
			versionGroupType = wrapper.xcdatamodel;
		};
/* End XCVersionGroup section */
	};
	rootObject = 53078E7F1E4C851F00A90FE5 /* Project object */;
}
